# This file is autogenerated, do not edit; changes may be undone by the next 'dep ensure'.


[[projects]]
  name = "github.com/pborman/uuid"
  packages = ["."]
  revision = "e790cca94e6cc75c7064b1332e63811d4aae1a53"
  version = "v1.1"

[solve-meta]
  analyzer-name = "dep"
  analyzer-version = 1
  inputs-digest = "fbe0d2bde8a8c1659d0e965328bda4e05f246c471267358b9dfe9c95fd1025ff"
  solver-name = "gps-cdcl"
  solver-version = 1
